version = 1
revision = 3
requires-python = "==3.11.14"

[[package]]
name = "black"
version = "25.9.0"
source = { registry = "https://pypi.org/simple" }
dependencies = [
    { name = "click" },
    { name = "mypy-extensions" },
    { name = "packaging" },
    { name = "pathspec" },
    { name = "platformdirs" },
    { name = "pytokens" },
]
sdist = { url = "https://files.pythonhosted.org/packages/4b/43/20b5c90612d7bdb2bdbcceeb53d588acca3bb8f0e4c5d5c751a2c8fdd55a/black-25.9.0.tar.gz", hash = "sha256:0474bca9a0dd1b51791fcc507a4e02078a1c63f6d4e4ae5544b9848c7adfb619", size = 648393, upload-time = "2025-09-19T00:27:37.758Z" }
wheels = [
    { url = "https://files.pythonhosted.org/packages/b7/f4/7531d4a336d2d4ac6cc101662184c8e7d068b548d35d874415ed9f4116ef/black-25.9.0-cp311-cp311-macosx_10_9_x86_64.whl", hash = "sha256:456386fe87bad41b806d53c062e2974615825c7a52159cde7ccaeb0695fa28fa", size = 1698727, upload-time = "2025-09-19T00:31:14.264Z" },
    { url = "https://files.pythonhosted.org/packages/28/f9/66f26bfbbf84b949cc77a41a43e138d83b109502cd9c52dfc94070ca51f2/black-25.9.0-cp311-cp311-macosx_11_0_arm64.whl", hash = "sha256:a16b14a44c1af60a210d8da28e108e13e75a284bf21a9afa6b4571f96ab8bb9d", size = 1555679, upload-time = "2025-09-19T00:31:29.265Z" },
    { url = "https://files.pythonhosted.org/packages/bf/59/61475115906052f415f518a648a9ac679d7afbc8da1c16f8fdf68a8cebed/black-25.9.0-cp311-cp311-manylinux_2_17_x86_64.manylinux2014_x86_64.manylinux_2_28_x86_64.whl", hash = "sha256:aaf319612536d502fdd0e88ce52d8f1352b2c0a955cc2798f79eeca9d3af0608", size = 1617453, upload-time = "2025-09-19T00:30:42.24Z" },
    { url = "https://files.pythonhosted.org/packages/7f/5b/20fd5c884d14550c911e4fb1b0dae00d4abb60a4f3876b449c4d3a9141d5/black-25.9.0-cp311-cp311-win_amd64.whl", hash = "sha256:c0372a93e16b3954208417bfe448e09b0de5cc721d521866cd9e0acac3c04a1f", size = 1333655, upload-time = "2025-09-19T00:30:56.715Z" },
    { url = "https://files.pythonhosted.org/packages/1b/46/863c90dcd3f9d41b109b7f19032ae0db021f0b2a81482ba0a1e28c84de86/black-25.9.0-py3-none-any.whl", hash = "sha256:474b34c1342cdc157d307b56c4c65bce916480c4a8f6551fdc6bf9b486a7c4ae", size = 203363, upload-time = "2025-09-19T00:27:35.724Z" },
]

[[package]]
name = "click"
version = "8.3.1"
source = { registry = "https://pypi.org/simple" }
dependencies = [
    { name = "colorama", marker = "sys_platform == 'win32'" },
]
sdist = { url = "https://files.pythonhosted.org/packages/3d/fa/656b739db8587d7b5dfa22e22ed02566950fbfbcdc20311993483657a5c0/click-8.3.1.tar.gz", hash = "sha256:12ff4785d337a1bb490bb7e9c2b1ee5da3112e94a8622f26a6c77f5d2fc6842a", size = 295065, upload-time = "2025-11-15T20:45:42.706Z" }
wheels = [
    { url = "https://files.pythonhosted.org/packages/98/78/01c019cdb5d6498122777c1a43056ebb3ebfeef2076d9d026bfe15583b2b/click-8.3.1-py3-none-any.whl", hash = "sha256:981153a64e25f12d547d3426c367a4857371575ee7ad18df2a6183ab0545b2a6", size = 108274, upload-time = "2025-11-15T20:45:41.139Z" },
]

[[package]]
name = "colorama"
version = "0.4.6"
source = { registry = "https://pypi.org/simple" }
sdist = { url = "https://files.pythonhosted.org/packages/d8/53/6f443c9a4a8358a93a6792e2acffb9d9d5cb0a5cfd8802644b7b1c9a02e4/colorama-0.4.6.tar.gz", hash = "sha256:08695f5cb7ed6e0531a20572697297273c47b8cae5a63ffc6d6ed5c201be6e44", size = 27697, upload-time = "2022-10-25T02:36:22.414Z" }
wheels = [
    { url = "https://files.pythonhosted.org/packages/d1/d6/3965ed04c63042e047cb6a3e6ed1a63a35087b6a609aa3a15ed8ac56c221/colorama-0.4.6-py2.py3-none-any.whl", hash = "sha256:4f1d9991f5acc0ca119f9d443620b77f9d6b33703e51011c16baf57afb285fc6", size = 25335, upload-time = "2022-10-25T02:36:20.889Z" },
]

[[package]]
name = "gensim"
version = "4.4.0"
source = { registry = "https://pypi.org/simple" }
dependencies = [
    { name = "numpy" },
    { name = "scipy" },
    { name = "smart-open" },
]
sdist = { url = "https://files.pythonhosted.org/packages/1a/80/fe9d2e1ace968041814dbcfce4e8499a643a36c41267fa4b6c4f54cce420/gensim-4.4.0.tar.gz", hash = "sha256:a3f5b626da5518e79a479140361c663089fe7998df8ba52d56e1ded71ac5bdf5", size = 23260095, upload-time = "2025-10-18T02:06:45.962Z" }
wheels = [
    { url = "https://files.pythonhosted.org/packages/52/7b/81b6c74b32700ee63f6720a60ca0c89ab59b12933257b47572c8af017658/gensim-4.4.0-cp311-cp311-macosx_10_9_x86_64.whl", hash = "sha256:7590e7313848ca8f3ff064898bcd6ecf6ec71c752cf4d3ec83f7ac992bc7c088", size = 24463159, upload-time = "2025-10-18T01:51:09.7Z" },
    { url = "https://files.pythonhosted.org/packages/38/7c/18d40f341276a7461962512ca1fb716d5982db57615dfa272f651ecb96d7/gensim-4.4.0-cp311-cp311-macosx_11_0_arm64.whl", hash = "sha256:05a027238b5eb544a17afe73ec227d6a7e0c6b4e2108b1131c0b8f291a0e0e2e", size = 24453170, upload-time = "2025-10-18T01:51:58.42Z" },
    { url = "https://files.pythonhosted.org/packages/68/88/6bd6919d31bdd473472ce1c18c24fcab5869b8b15166a424d11ce33a5eab/gensim-4.4.0-cp311-cp311-manylinux_2_24_aarch64.manylinux_2_28_aarch64.whl", hash = "sha256:7e110e2d3533f5b35239850a96cb2016a586ecd85671d655079b3048332b7169", size = 27760793, upload-time = "2025-10-18T01:52:47.866Z" },
    { url = "https://files.pythonhosted.org/packages/d9/fa/85531b39c1beb5a4203929ba83d94d886cec40d0fb0bef8ca05fd1cc7a38/gensim-4.4.0-cp311-cp311-manylinux_2_24_x86_64.manylinux_2_28_x86_64.whl", hash = "sha256:91a7fa5e814e7b1bad4b2dffa8d62c1e55410d5cbdf930714c1997ffb4404db8", size = 27809988, upload-time = "2025-10-18T01:53:36.978Z" },
    { url = "https://files.pythonhosted.org/packages/10/c3/7e22d6f7d88c4ea6a3a84481f00538252659d285713c3b7e2e1537b0e7e1/gensim-4.4.0-cp311-cp311-win_amd64.whl", hash = "sha256:5e2c1d584d1c7d16b2a0fe7d2f6f59a451422df7b5edb7e3ca46c8e462782127", size = 24396172, upload-time = "2025-10-18T01:54:25.711Z" },
]

[[package]]
name = "information-retrieval"
version = "0.1.0"
source = { virtual = "." }
dependencies = [
    { name = "black" },
    { name = "gensim" },
    { name = "nltk" },
    { name = "scikit-learn" },
]

[package.metadata]
requires-dist = [
    { name = "black", specifier = "==25.9.0" },
    { name = "gensim", specifier = ">=4.4.0" },
    { name = "nltk", specifier = ">=3.9.2" },
    { name = "scikit-learn", specifier = ">=1.7.2" },
]

[[package]]
name = "joblib"
version = "1.5.2"
source = { registry = "https://pypi.org/simple" }
sdist = { url = "https://files.pythonhosted.org/packages/e8/5d/447af5ea094b9e4c4054f82e223ada074c552335b9b4b2d14bd9b35a67c4/joblib-1.5.2.tar.gz", hash = "sha256:3faa5c39054b2f03ca547da9b2f52fde67c06240c31853f306aea97f13647b55", size = 331077, upload-time = "2025-08-27T12:15:46.575Z" }
wheels = [
    { url = "https://files.pythonhosted.org/packages/1e/e8/685f47e0d754320684db4425a0967f7d3fa70126bffd76110b7009a0090f/joblib-1.5.2-py3-none-any.whl", hash = "sha256:4e1f0bdbb987e6d843c70cf43714cb276623def372df3c22fe5266b2670bc241", size = 308396, upload-time = "2025-08-27T12:15:45.188Z" },
]

[[package]]
name = "mypy-extensions"
version = "1.1.0"
source = { registry = "https://pypi.org/simple" }
sdist = { url = "https://files.pythonhosted.org/packages/a2/6e/371856a3fb9d31ca8dac321cda606860fa4548858c0cc45d9d1d4ca2628b/mypy_extensions-1.1.0.tar.gz", hash = "sha256:52e68efc3284861e772bbcd66823fde5ae21fd2fdb51c62a211403730b916558", size = 6343, upload-time = "2025-04-22T14:54:24.164Z" }
wheels = [
    { url = "https://files.pythonhosted.org/packages/79/7b/2c79738432f5c924bef5071f933bcc9efd0473bac3b4aa584a6f7c1c8df8/mypy_extensions-1.1.0-py3-none-any.whl", hash = "sha256:1be4cccdb0f2482337c4743e60421de3a356cd97508abadd57d47403e94f5505", size = 4963, upload-time = "2025-04-22T14:54:22.983Z" },
]

[[package]]
name = "nltk"
version = "3.9.2"
source = { registry = "https://pypi.org/simple" }
dependencies = [
    { name = "click" },
    { name = "joblib" },
    { name = "regex" },
    { name = "tqdm" },
]
sdist = { url = "https://files.pythonhosted.org/packages/f9/76/3a5e4312c19a028770f86fd7c058cf9f4ec4321c6cf7526bab998a5b683c/nltk-3.9.2.tar.gz", hash = "sha256:0f409e9b069ca4177c1903c3e843eef90c7e92992fa4931ae607da6de49e1419", size = 2887629, upload-time = "2025-10-01T07:19:23.764Z" }
wheels = [
    { url = "https://files.pythonhosted.org/packages/60/90/81ac364ef94209c100e12579629dc92bf7a709a84af32f8c551b02c07e94/nltk-3.9.2-py3-none-any.whl", hash = "sha256:1e209d2b3009110635ed9709a67a1a3e33a10f799490fa71cf4bec218c11c88a", size = 1513404, upload-time = "2025-10-01T07:19:21.648Z" },
]

[[package]]
name = "numpy"
version = "2.3.5"
source = { registry = "https://pypi.org/simple" }
sdist = { url = "https://files.pythonhosted.org/packages/76/65/21b3bc86aac7b8f2862db1e808f1ea22b028e30a225a34a5ede9bf8678f2/numpy-2.3.5.tar.gz", hash = "sha256:784db1dcdab56bf0517743e746dfb0f885fc68d948aba86eeec2cba234bdf1c0", size = 20584950, upload-time = "2025-11-16T22:52:42.067Z" }
wheels = [
    { url = "https://files.pythonhosted.org/packages/43/77/84dd1d2e34d7e2792a236ba180b5e8fcc1e3e414e761ce0253f63d7f572e/numpy-2.3.5-cp311-cp311-macosx_10_9_x86_64.whl", hash = "sha256:de5672f4a7b200c15a4127042170a694d4df43c992948f5e1af57f0174beed10", size = 17034641, upload-time = "2025-11-16T22:49:19.336Z" },
    { url = "https://files.pythonhosted.org/packages/2a/ea/25e26fa5837106cde46ae7d0b667e20f69cbbc0efd64cba8221411ab26ae/numpy-2.3.5-cp311-cp311-macosx_11_0_arm64.whl", hash = "sha256:acfd89508504a19ed06ef963ad544ec6664518c863436306153e13e94605c218", size = 12528324, upload-time = "2025-11-16T22:49:22.582Z" },
    { url = "https://files.pythonhosted.org/packages/4d/1a/e85f0eea4cf03d6a0228f5c0256b53f2df4bc794706e7df019fc622e47f1/numpy-2.3.5-cp311-cp311-macosx_14_0_arm64.whl", hash = "sha256:ffe22d2b05504f786c867c8395de703937f934272eb67586817b46188b4ded6d", size = 5356872, upload-time = "2025-11-16T22:49:25.408Z" },
    { url = "https://files.pythonhosted.org/packages/5c/bb/35ef04afd567f4c989c2060cde39211e4ac5357155c1833bcd1166055c61/numpy-2.3.5-cp311-cp311-macosx_14_0_x86_64.whl", hash = "sha256:872a5cf366aec6bb1147336480fef14c9164b154aeb6542327de4970282cd2f5", size = 6893148, upload-time = "2025-11-16T22:49:27.549Z" },
    { url = "https://files.pythonhosted.org/packages/f2/2b/05bbeb06e2dff5eab512dfc678b1cc5ee94d8ac5956a0885c64b6b26252b/numpy-2.3.5-cp311-cp311-manylinux_2_27_aarch64.manylinux_2_28_aarch64.whl", hash = "sha256:3095bdb8dd297e5920b010e96134ed91d852d81d490e787beca7e35ae1d89cf7", size = 14557282, upload-time = "2025-11-16T22:49:30.964Z" },
    { url = "https://files.pythonhosted.org/packages/65/fb/2b23769462b34398d9326081fad5655198fcf18966fcb1f1e49db44fbf31/numpy-2.3.5-cp311-cp311-manylinux_2_27_x86_64.manylinux_2_28_x86_64.whl", hash = "sha256:8cba086a43d54ca804ce711b2a940b16e452807acebe7852ff327f1ecd49b0d4", size = 16897903, upload-time = "2025-11-16T22:49:34.191Z" },
    { url = "https://files.pythonhosted.org/packages/ac/14/085f4cf05fc3f1e8aa95e85404e984ffca9b2275a5dc2b1aae18a67538b8/numpy-2.3.5-cp311-cp311-musllinux_1_2_aarch64.whl", hash = "sha256:6cf9b429b21df6b99f4dee7a1218b8b7ffbbe7df8764dc0bd60ce8a0708fed1e", size = 16341672, upload-time = "2025-11-16T22:49:37.2Z" },
    { url = "https://files.pythonhosted.org/packages/6f/3b/1f73994904142b2aa290449b3bb99772477b5fd94d787093e4f24f5af763/numpy-2.3.5-cp311-cp311-musllinux_1_2_x86_64.whl", hash = "sha256:396084a36abdb603546b119d96528c2f6263921c50df3c8fd7cb28873a237748", size = 18838896, upload-time = "2025-11-16T22:49:39.727Z" },
    { url = "https://files.pythonhosted.org/packages/cd/b9/cf6649b2124f288309ffc353070792caf42ad69047dcc60da85ee85fea58/numpy-2.3.5-cp311-cp311-win32.whl", hash = "sha256:b0c7088a73aef3d687c4deef8452a3ac7c1be4e29ed8bf3b366c8111128ac60c", size = 6563608, upload-time = "2025-11-16T22:49:42.079Z" },
    { url = "https://files.pythonhosted.org/packages/aa/44/9fe81ae1dcc29c531843852e2874080dc441338574ccc4306b39e2ff6e59/numpy-2.3.5-cp311-cp311-win_amd64.whl", hash = "sha256:a414504bef8945eae5f2d7cb7be2d4af77c5d1cb5e20b296c2c25b61dff2900c", size = 13078442, upload-time = "2025-11-16T22:49:43.99Z" },
    { url = "https://files.pythonhosted.org/packages/6d/a7/f99a41553d2da82a20a2f22e93c94f928e4490bb447c9ff3c4ff230581d3/numpy-2.3.5-cp311-cp311-win_arm64.whl", hash = "sha256:0cd00b7b36e35398fa2d16af7b907b65304ef8bb4817a550e06e5012929830fa", size = 10458555, upload-time = "2025-11-16T22:49:47.092Z" },
    { url = "https://files.pythonhosted.org/packages/c6/65/f9dea8e109371ade9c782b4e4756a82edf9d3366bca495d84d79859a0b79/numpy-2.3.5-pp311-pypy311_pp73-macosx_10_15_x86_64.whl", hash = "sha256:f0963b55cdd70fad460fa4c1341f12f976bb26cb66021a5580329bd498988310", size = 16910689, upload-time = "2025-11-16T22:52:23.247Z" },
    { url = "https://files.pythonhosted.org/packages/00/4f/edb00032a8fb92ec0a679d3830368355da91a69cab6f3e9c21b64d0bb986/numpy-2.3.5-pp311-pypy311_pp73-macosx_11_0_arm64.whl", hash = "sha256:f4255143f5160d0de972d28c8f9665d882b5f61309d8362fdd3e103cf7bf010c", size = 12457053, upload-time = "2025-11-16T22:52:26.367Z" },
    { url = "https://files.pythonhosted.org/packages/16/a4/e8a53b5abd500a63836a29ebe145fc1ab1f2eefe1cfe59276020373ae0aa/numpy-2.3.5-pp311-pypy311_pp73-macosx_14_0_arm64.whl", hash = "sha256:a4b9159734b326535f4dd01d947f919c6eefd2d9827466a696c44ced82dfbc18", size = 5285635, upload-time = "2025-11-16T22:52:29.266Z" },
    { url = "https://files.pythonhosted.org/packages/a3/2f/37eeb9014d9c8b3e9c55bc599c68263ca44fdbc12a93e45a21d1d56df737/numpy-2.3.5-pp311-pypy311_pp73-macosx_14_0_x86_64.whl", hash = "sha256:2feae0d2c91d46e59fcd62784a3a83b3fb677fead592ce51b5a6fbb4f95965ff", size = 6801770, upload-time = "2025-11-16T22:52:31.421Z" },
    { url = "https://files.pythonhosted.org/packages/7d/e4/68d2f474df2cb671b2b6c2986a02e520671295647dad82484cde80ca427b/numpy-2.3.5-pp311-pypy311_pp73-manylinux_2_27_aarch64.manylinux_2_28_aarch64.whl", hash = "sha256:ffac52f28a7849ad7576293c0cb7b9f08304e8f7d738a8cb8a90ec4c55a998eb", size = 14391768, upload-time = "2025-11-16T22:52:33.593Z" },
    { url = "https://files.pythonhosted.org/packages/b8/50/94ccd8a2b141cb50651fddd4f6a48874acb3c91c8f0842b08a6afc4b0b21/numpy-2.3.5-pp311-pypy311_pp73-manylinux_2_27_x86_64.manylinux_2_28_x86_64.whl", hash = "sha256:63c0e9e7eea69588479ebf4a8a270d5ac22763cc5854e9a7eae952a3908103f7", size = 16729263, upload-time = "2025-11-16T22:52:36.369Z" },
    { url = "https://files.pythonhosted.org/packages/2d/ee/346fa473e666fe14c52fcdd19ec2424157290a032d4c41f98127bfb31ac7/numpy-2.3.5-pp311-pypy311_pp73-win_amd64.whl", hash = "sha256:f16417ec91f12f814b10bafe79ef77e70113a2f5f7018640e7425ff979253425", size = 12967213, upload-time = "2025-11-16T22:52:39.38Z" },
]

[[package]]
name = "packaging"
version = "25.0"
source = { registry = "https://pypi.org/simple" }
sdist = { url = "https://files.pythonhosted.org/packages/a1/d4/1fc4078c65507b51b96ca8f8c3ba19e6a61c8253c72794544580a7b6c24d/packaging-25.0.tar.gz", hash = "sha256:d443872c98d677bf60f6a1f2f8c1cb748e8fe762d2bf9d3148b5599295b0fc4f", size = 165727, upload-time = "2025-04-19T11:48:59.673Z" }
wheels = [
    { url = "https://files.pythonhosted.org/packages/20/12/38679034af332785aac8774540895e234f4d07f7545804097de4b666afd8/packaging-25.0-py3-none-any.whl", hash = "sha256:29572ef2b1f17581046b3a2227d5c611fb25ec70ca1ba8554b24b0e69331a484", size = 66469, upload-time = "2025-04-19T11:48:57.875Z" },
]

[[package]]
name = "pathspec"
version = "0.12.1"
source = { registry = "https://pypi.org/simple" }
sdist = { url = "https://files.pythonhosted.org/packages/ca/bc/f35b8446f4531a7cb215605d100cd88b7ac6f44ab3fc94870c120ab3adbf/pathspec-0.12.1.tar.gz", hash = "sha256:a482d51503a1ab33b1c67a6c3813a26953dbdc71c31dacaef9a838c4e29f5712", size = 51043, upload-time = "2023-12-10T22:30:45Z" }
wheels = [
    { url = "https://files.pythonhosted.org/packages/cc/20/ff623b09d963f88bfde16306a54e12ee5ea43e9b597108672ff3a408aad6/pathspec-0.12.1-py3-none-any.whl", hash = "sha256:a0d503e138a4c123b27490a4f7beda6a01c6f288df0e4a8b79c7eb0dc7b4cc08", size = 31191, upload-time = "2023-12-10T22:30:43.14Z" },
]

[[package]]
name = "platformdirs"
version = "4.5.0"
source = { registry = "https://pypi.org/simple" }
sdist = { url = "https://files.pythonhosted.org/packages/61/33/9611380c2bdb1225fdef633e2a9610622310fed35ab11dac9620972ee088/platformdirs-4.5.0.tar.gz", hash = "sha256:70ddccdd7c99fc5942e9fc25636a8b34d04c24b335100223152c2803e4063312", size = 21632, upload-time = "2025-10-08T17:44:48.791Z" }
wheels = [
    { url = "https://files.pythonhosted.org/packages/73/cb/ac7874b3e5d58441674fb70742e6c374b28b0c7cb988d37d991cde47166c/platformdirs-4.5.0-py3-none-any.whl", hash = "sha256:e578a81bb873cbb89a41fcc904c7ef523cc18284b7e3b3ccf06aca1403b7ebd3", size = 18651, upload-time = "2025-10-08T17:44:47.223Z" },
]

[[package]]
name = "pytokens"
version = "0.3.0"
source = { registry = "https://pypi.org/simple" }
sdist = { url = "https://files.pythonhosted.org/packages/4e/8d/a762be14dae1c3bf280202ba3172020b2b0b4c537f94427435f19c413b72/pytokens-0.3.0.tar.gz", hash = "sha256:2f932b14ed08de5fcf0b391ace2642f858f1394c0857202959000b68ed7a458a", size = 17644, upload-time = "2025-11-05T13:36:35.34Z" }
wheels = [
    { url = "https://files.pythonhosted.org/packages/84/25/d9db8be44e205a124f6c98bc0324b2bb149b7431c53877fc6d1038dddaf5/pytokens-0.3.0-py3-none-any.whl", hash = "sha256:95b2b5eaf832e469d141a378872480ede3f251a5a5041b8ec6e581d3ac71bbf3", size = 12195, upload-time = "2025-11-05T13:36:33.183Z" },
]

[[package]]
name = "regex"
version = "2025.11.3"
source = { registry = "https://pypi.org/simple" }
sdist = { url = "https://files.pythonhosted.org/packages/cc/a9/546676f25e573a4cf00fe8e119b78a37b6a8fe2dc95cda877b30889c9c45/regex-2025.11.3.tar.gz", hash = "sha256:1fedc720f9bb2494ce31a58a1631f9c82df6a09b49c19517ea5cc280b4541e01", size = 414669, upload-time = "2025-11-03T21:34:22.089Z" }
wheels = [
    { url = "https://files.pythonhosted.org/packages/f7/90/4fb5056e5f03a7048abd2b11f598d464f0c167de4f2a51aa868c376b8c70/regex-2025.11.3-cp311-cp311-macosx_10_9_universal2.whl", hash = "sha256:eadade04221641516fa25139273505a1c19f9bf97589a05bc4cfcd8b4a618031", size = 488081, upload-time = "2025-11-03T21:31:11.946Z" },
    { url = "https://files.pythonhosted.org/packages/85/23/63e481293fac8b069d84fba0299b6666df720d875110efd0338406b5d360/regex-2025.11.3-cp311-cp311-macosx_10_9_x86_64.whl", hash = "sha256:feff9e54ec0dd3833d659257f5c3f5322a12eee58ffa360984b716f8b92983f4", size = 290554, upload-time = "2025-11-03T21:31:13.387Z" },
    { url = "https://files.pythonhosted.org/packages/2b/9d/b101d0262ea293a0066b4522dfb722eb6a8785a8c3e084396a5f2c431a46/regex-2025.11.3-cp311-cp311-macosx_11_0_arm64.whl", hash = "sha256:3b30bc921d50365775c09a7ed446359e5c0179e9e2512beec4a60cbcef6ddd50", size = 288407, upload-time = "2025-11-03T21:31:14.809Z" },
    { url = "https://files.pythonhosted.org/packages/0c/64/79241c8209d5b7e00577ec9dca35cd493cc6be35b7d147eda367d6179f6d/regex-2025.11.3-cp311-cp311-manylinux2014_aarch64.manylinux_2_17_aarch64.manylinux_2_28_aarch64.whl", hash = "sha256:f99be08cfead2020c7ca6e396c13543baea32343b7a9a5780c462e323bd8872f", size = 793418, upload-time = "2025-11-03T21:31:16.556Z" },
    { url = "https://files.pythonhosted.org/packages/3d/e2/23cd5d3573901ce8f9757c92ca4db4d09600b865919b6d3e7f69f03b1afd/regex-2025.11.3-cp311-cp311-manylinux2014_ppc64le.manylinux_2_17_ppc64le.manylinux_2_28_ppc64le.whl", hash = "sha256:6dd329a1b61c0ee95ba95385fb0c07ea0d3fe1a21e1349fa2bec272636217118", size = 860448, upload-time = "2025-11-03T21:31:18.12Z" },
    { url = "https://files.pythonhosted.org/packages/2a/4c/aecf31beeaa416d0ae4ecb852148d38db35391aac19c687b5d56aedf3a8b/regex-2025.11.3-cp311-cp311-manylinux2014_s390x.manylinux_2_17_s390x.manylinux_2_28_s390x.whl", hash = "sha256:4c5238d32f3c5269d9e87be0cf096437b7622b6920f5eac4fd202468aaeb34d2", size = 907139, upload-time = "2025-11-03T21:31:20.753Z" },
    { url = "https://files.pythonhosted.org/packages/61/22/b8cb00df7d2b5e0875f60628594d44dba283e951b1ae17c12f99e332cc0a/regex-2025.11.3-cp311-cp311-manylinux2014_x86_64.manylinux_2_17_x86_64.manylinux_2_28_x86_64.whl", hash = "sha256:10483eefbfb0adb18ee9474498c9a32fcf4e594fbca0543bb94c48bac6183e2e", size = 800439, upload-time = "2025-11-03T21:31:22.069Z" },
    { url = "https://files.pythonhosted.org/packages/02/a8/c4b20330a5cdc7a8eb265f9ce593f389a6a88a0c5f280cf4d978f33966bc/regex-2025.11.3-cp311-cp311-musllinux_1_2_aarch64.whl", hash = "sha256:78c2d02bb6e1da0720eedc0bad578049cad3f71050ef8cd065ecc87691bed2b0", size = 782965, upload-time = "2025-11-03T21:31:23.598Z" },
    { url = "https://files.pythonhosted.org/packages/b4/4c/ae3e52988ae74af4b04d2af32fee4e8077f26e51b62ec2d12d246876bea2/regex-2025.11.3-cp311-cp311-musllinux_1_2_ppc64le.whl", hash = "sha256:e6b49cd2aad93a1790ce9cffb18964f6d3a4b0b3dbdbd5de094b65296fce6e58", size = 854398, upload-time = "2025-11-03T21:31:25.008Z" },
    { url = "https://files.pythonhosted.org/packages/06/d1/a8b9cf45874eda14b2e275157ce3b304c87e10fb38d9fc26a6e14eb18227/regex-2025.11.3-cp311-cp311-musllinux_1_2_s390x.whl", hash = "sha256:885b26aa3ee56433b630502dc3d36ba78d186a00cc535d3806e6bfd9ed3c70ab", size = 845897, upload-time = "2025-11-03T21:31:26.427Z" },
    { url = "https://files.pythonhosted.org/packages/ea/fe/1830eb0236be93d9b145e0bd8ab499f31602fe0999b1f19e99955aa8fe20/regex-2025.11.3-cp311-cp311-musllinux_1_2_x86_64.whl", hash = "sha256:ddd76a9f58e6a00f8772e72cff8ebcff78e022be95edf018766707c730593e1e", size = 788906, upload-time = "2025-11-03T21:31:28.078Z" },
    { url = "https://files.pythonhosted.org/packages/66/47/dc2577c1f95f188c1e13e2e69d8825a5ac582ac709942f8a03af42ed6e93/regex-2025.11.3-cp311-cp311-win32.whl", hash = "sha256:3e816cc9aac1cd3cc9a4ec4d860f06d40f994b5c7b4d03b93345f44e08cc68bf", size = 265812, upload-time = "2025-11-03T21:31:29.72Z" },
    { url = "https://files.pythonhosted.org/packages/50/1e/15f08b2f82a9bbb510621ec9042547b54d11e83cb620643ebb54e4eb7d71/regex-2025.11.3-cp311-cp311-win_amd64.whl", hash = "sha256:087511f5c8b7dfbe3a03f5d5ad0c2a33861b1fc387f21f6f60825a44865a385a", size = 277737, upload-time = "2025-11-03T21:31:31.422Z" },
    { url = "https://files.pythonhosted.org/packages/f4/fc/6500eb39f5f76c5e47a398df82e6b535a5e345f839581012a418b16f9cc3/regex-2025.11.3-cp311-cp311-win_arm64.whl", hash = "sha256:1ff0d190c7f68ae7769cd0313fe45820ba07ffebfddfaa89cc1eb70827ba0ddc", size = 270290, upload-time = "2025-11-03T21:31:33.041Z" },
]

[[package]]
name = "scikit-learn"
version = "1.7.2"
source = { registry = "https://pypi.org/simple" }
dependencies = [
    { name = "joblib" },
    { name = "numpy" },
    { name = "scipy" },
    { name = "threadpoolctl" },
]
sdist = { url = "https://files.pythonhosted.org/packages/98/c2/a7855e41c9d285dfe86dc50b250978105dce513d6e459ea66a6aeb0e1e0c/scikit_learn-1.7.2.tar.gz", hash = "sha256:20e9e49ecd130598f1ca38a1d85090e1a600147b9c02fa6f15d69cb53d968fda", size = 7193136, upload-time = "2025-09-09T08:21:29.075Z" }
wheels = [
    { url = "https://files.pythonhosted.org/packages/43/83/564e141eef908a5863a54da8ca342a137f45a0bfb71d1d79704c9894c9d1/scikit_learn-1.7.2-cp311-cp311-macosx_10_9_x86_64.whl", hash = "sha256:c7509693451651cd7361d30ce4e86a1347493554f172b1c72a39300fa2aea79e", size = 9331967, upload-time = "2025-09-09T08:20:32.421Z" },
    { url = "https://files.pythonhosted.org/packages/18/d6/ba863a4171ac9d7314c4d3fc251f015704a2caeee41ced89f321c049ed83/scikit_learn-1.7.2-cp311-cp311-macosx_12_0_arm64.whl", hash = "sha256:0486c8f827c2e7b64837c731c8feff72c0bd2b998067a8a9cbc10643c31f0fe1", size = 8648645, upload-time = "2025-09-09T08:20:34.436Z" },
    { url = "https://files.pythonhosted.org/packages/ef/0e/97dbca66347b8cf0ea8b529e6bb9367e337ba2e8be0ef5c1a545232abfde/scikit_learn-1.7.2-cp311-cp311-manylinux2014_x86_64.manylinux_2_17_x86_64.whl", hash = "sha256:89877e19a80c7b11a2891a27c21c4894fb18e2c2e077815bcade10d34287b20d", size = 9715424, upload-time = "2025-09-09T08:20:36.776Z" },
    { url = "https://files.pythonhosted.org/packages/f7/32/1f3b22e3207e1d2c883a7e09abb956362e7d1bd2f14458c7de258a26ac15/scikit_learn-1.7.2-cp311-cp311-manylinux_2_27_aarch64.manylinux_2_28_aarch64.whl", hash = "sha256:8da8bf89d4d79aaec192d2bda62f9b56ae4e5b4ef93b6a56b5de4977e375c1f1", size = 9509234, upload-time = "2025-09-09T08:20:38.957Z" },
    { url = "https://files.pythonhosted.org/packages/9f/71/34ddbd21f1da67c7a768146968b4d0220ee6831e4bcbad3e03dd3eae88b6/scikit_learn-1.7.2-cp311-cp311-win_amd64.whl", hash = "sha256:9b7ed8d58725030568523e937c43e56bc01cadb478fc43c042a9aca1dacb3ba1", size = 8894244, upload-time = "2025-09-09T08:20:41.166Z" },
]

[[package]]
name = "scipy"
version = "1.16.3"
source = { registry = "https://pypi.org/simple" }
dependencies = [
    { name = "numpy" },
]
sdist = { url = "https://files.pythonhosted.org/packages/0a/ca/d8ace4f98322d01abcd52d381134344bf7b431eba7ed8b42bdea5a3c2ac9/scipy-1.16.3.tar.gz", hash = "sha256:01e87659402762f43bd2fee13370553a17ada367d42e7487800bf2916535aecb", size = 30597883, upload-time = "2025-10-28T17:38:54.068Z" }
wheels = [
    { url = "https://files.pythonhosted.org/packages/9b/5f/6f37d7439de1455ce9c5a556b8d1db0979f03a796c030bafdf08d35b7bf9/scipy-1.16.3-cp311-cp311-macosx_10_14_x86_64.whl", hash = "sha256:40be6cf99e68b6c4321e9f8782e7d5ff8265af28ef2cd56e9c9b2638fa08ad97", size = 36630881, upload-time = "2025-10-28T17:31:47.104Z" },
    { url = "https://files.pythonhosted.org/packages/7c/89/d70e9f628749b7e4db2aa4cd89735502ff3f08f7b9b27d2e799485987cd9/scipy-1.16.3-cp311-cp311-macosx_12_0_arm64.whl", hash = "sha256:8be1ca9170fcb6223cc7c27f4305d680ded114a1567c0bd2bfcbf947d1b17511", size = 28941012, upload-time = "2025-10-28T17:31:53.411Z" },
    { url = "https://files.pythonhosted.org/packages/a8/a8/0e7a9a6872a923505dbdf6bb93451edcac120363131c19013044a1e7cb0c/scipy-1.16.3-cp311-cp311-macosx_14_0_arm64.whl", hash = "sha256:bea0a62734d20d67608660f69dcda23e7f90fb4ca20974ab80b6ed40df87a005", size = 20931935, upload-time = "2025-10-28T17:31:57.361Z" },
    { url = "https://files.pythonhosted.org/packages/bd/c7/020fb72bd79ad798e4dbe53938543ecb96b3a9ac3fe274b7189e23e27353/scipy-1.16.3-cp311-cp311-macosx_14_0_x86_64.whl", hash = "sha256:2a207a6ce9c24f1951241f4693ede2d393f59c07abc159b2cb2be980820e01fb", size = 23534466, upload-time = "2025-10-28T17:32:01.875Z" },
    { url = "https://files.pythonhosted.org/packages/be/a0/668c4609ce6dbf2f948e167836ccaf897f95fb63fa231c87da7558a374cd/scipy-1.16.3-cp311-cp311-manylinux2014_aarch64.manylinux_2_17_aarch64.whl", hash = "sha256:532fb5ad6a87e9e9cd9c959b106b73145a03f04c7d57ea3e6f6bb60b86ab0876", size = 33593618, upload-time = "2025-10-28T17:32:06.902Z" },
    { url = "https://files.pythonhosted.org/packages/ca/6e/8942461cf2636cdae083e3eb72622a7fbbfa5cf559c7d13ab250a5dbdc01/scipy-1.16.3-cp311-cp311-manylinux2014_x86_64.manylinux_2_17_x86_64.whl", hash = "sha256:0151a0749efeaaab78711c78422d413c583b8cdd2011a3c1d6c794938ee9fdb2", size = 35899798, upload-time = "2025-10-28T17:32:12.665Z" },
    { url = "https://files.pythonhosted.org/packages/79/e8/d0f33590364cdbd67f28ce79368b373889faa4ee959588beddf6daef9abe/scipy-1.16.3-cp311-cp311-musllinux_1_2_aarch64.whl", hash = "sha256:b7180967113560cca57418a7bc719e30366b47959dd845a93206fbed693c867e", size = 36226154, upload-time = "2025-10-28T17:32:17.961Z" },
    { url = "https://files.pythonhosted.org/packages/39/c1/1903de608c0c924a1749c590064e65810f8046e437aba6be365abc4f7557/scipy-1.16.3-cp311-cp311-musllinux_1_2_x86_64.whl", hash = "sha256:deb3841c925eeddb6afc1e4e4a45e418d19ec7b87c5df177695224078e8ec733", size = 38878540, upload-time = "2025-10-28T17:32:23.907Z" },
    { url = "https://files.pythonhosted.org/packages/f1/d0/22ec7036ba0b0a35bccb7f25ab407382ed34af0b111475eb301c16f8a2e5/scipy-1.16.3-cp311-cp311-win_amd64.whl", hash = "sha256:53c3844d527213631e886621df5695d35e4f6a75f620dca412bcd292f6b87d78", size = 38722107, upload-time = "2025-10-28T17:32:29.921Z" },
    { url = "https://files.pythonhosted.org/packages/7b/60/8a00e5a524bb3bf8898db1650d350f50e6cffb9d7a491c561dc9826c7515/scipy-1.16.3-cp311-cp311-win_arm64.whl", hash = "sha256:9452781bd879b14b6f055b26643703551320aa8d79ae064a71df55c00286a184", size = 25506272, upload-time = "2025-10-28T17:32:34.577Z" },
]

[[package]]
name = "smart-open"
version = "7.5.0"
source = { registry = "https://pypi.org/simple" }
dependencies = [
    { name = "wrapt" },
]
sdist = { url = "https://files.pythonhosted.org/packages/67/9a/0a7acb748b86e2922982366d780ca4b16c33f7246fa5860d26005c97e4f3/smart_open-7.5.0.tar.gz", hash = "sha256:f394b143851d8091011832ac8113ea4aba6b92e6c35f6e677ddaaccb169d7cb9", size = 53920, upload-time = "2025-11-08T21:38:40.698Z" }
wheels = [
    { url = "https://files.pythonhosted.org/packages/ad/95/bc978be7ea0babf2fb48a414b6afaad414c6a9e8b1eafc5b8a53c030381a/smart_open-7.5.0-py3-none-any.whl", hash = "sha256:87e695c5148bbb988f15cec00971602765874163be85acb1c9fb8abc012e6599", size = 63940, upload-time = "2025-11-08T21:38:39.024Z" },
]

[[package]]
name = "threadpoolctl"
version = "3.6.0"
source = { registry = "https://pypi.org/simple" }
sdist = { url = "https://files.pythonhosted.org/packages/b7/4d/08c89e34946fce2aec4fbb45c9016efd5f4d7f24af8e5d93296e935631d8/threadpoolctl-3.6.0.tar.gz", hash = "sha256:8ab8b4aa3491d812b623328249fab5302a68d2d71745c8a4c719a2fcaba9f44e", size = 21274, upload-time = "2025-03-13T13:49:23.031Z" }
wheels = [
    { url = "https://files.pythonhosted.org/packages/32/d5/f9a850d79b0851d1d4ef6456097579a9005b31fea68726a4ae5f2d82ddd9/threadpoolctl-3.6.0-py3-none-any.whl", hash = "sha256:43a0b8fd5a2928500110039e43a5eed8480b918967083ea48dc3ab9f13c4a7fb", size = 18638, upload-time = "2025-03-13T13:49:21.846Z" },
]

[[package]]
name = "tqdm"
version = "4.67.1"
source = { registry = "https://pypi.org/simple" }
dependencies = [
    { name = "colorama", marker = "sys_platform == 'win32'" },
]
sdist = { url = "https://files.pythonhosted.org/packages/a8/4b/29b4ef32e036bb34e4ab51796dd745cdba7ed47ad142a9f4a1eb8e0c744d/tqdm-4.67.1.tar.gz", hash = "sha256:f8aef9c52c08c13a65f30ea34f4e5aac3fd1a34959879d7e59e63027286627f2", size = 169737, upload-time = "2024-11-24T20:12:22.481Z" }
wheels = [
    { url = "https://files.pythonhosted.org/packages/d0/30/dc54f88dd4a2b5dc8a0279bdd7270e735851848b762aeb1c1184ed1f6b14/tqdm-4.67.1-py3-none-any.whl", hash = "sha256:26445eca388f82e72884e0d580d5464cd801a3ea01e63e5601bdff9ba6a48de2", size = 78540, upload-time = "2024-11-24T20:12:19.698Z" },
]

[[package]]
name = "wrapt"
version = "2.0.1"
source = { registry = "https://pypi.org/simple" }
sdist = { url = "https://files.pythonhosted.org/packages/49/2a/6de8a50cb435b7f42c46126cf1a54b2aab81784e74c8595c8e025e8f36d3/wrapt-2.0.1.tar.gz", hash = "sha256:9c9c635e78497cacb81e84f8b11b23e0aacac7a136e73b8e5b2109a1d9fc468f", size = 82040, upload-time = "2025-11-07T00:45:33.312Z" }
wheels = [
    { url = "https://files.pythonhosted.org/packages/98/60/553997acf3939079dab022e37b67b1904b5b0cc235503226898ba573b10c/wrapt-2.0.1-cp311-cp311-macosx_10_9_universal2.whl", hash = "sha256:0e17283f533a0d24d6e5429a7d11f250a58d28b4ae5186f8f47853e3e70d2590", size = 77480, upload-time = "2025-11-07T00:43:30.573Z" },
    { url = "https://files.pythonhosted.org/packages/2d/50/e5b3d30895d77c52105c6d5cbf94d5b38e2a3dd4a53d22d246670da98f7c/wrapt-2.0.1-cp311-cp311-macosx_10_9_x86_64.whl", hash = "sha256:85df8d92158cb8f3965aecc27cf821461bb5f40b450b03facc5d9f0d4d6ddec6", size = 60690, upload-time = "2025-11-07T00:43:31.594Z" },
    { url = "https://files.pythonhosted.org/packages/f0/40/660b2898703e5cbbb43db10cdefcc294274458c3ca4c68637c2b99371507/wrapt-2.0.1-cp311-cp311-macosx_11_0_arm64.whl", hash = "sha256:c1be685ac7700c966b8610ccc63c3187a72e33cab53526a27b2a285a662cd4f7", size = 61578, upload-time = "2025-11-07T00:43:32.918Z" },
    { url = "https://files.pythonhosted.org/packages/5b/36/825b44c8a10556957bc0c1d84c7b29a40e05fcf1873b6c40aa9dbe0bd972/wrapt-2.0.1-cp311-cp311-manylinux1_x86_64.manylinux_2_28_x86_64.manylinux_2_5_x86_64.whl", hash = "sha256:df0b6d3b95932809c5b3fecc18fda0f1e07452d05e2662a0b35548985f256e28", size = 114115, upload-time = "2025-11-07T00:43:35.605Z" },
    { url = "https://files.pythonhosted.org/packages/83/73/0a5d14bb1599677304d3c613a55457d34c344e9b60eda8a737c2ead7619e/wrapt-2.0.1-cp311-cp311-manylinux2014_aarch64.manylinux_2_17_aarch64.manylinux_2_28_aarch64.whl", hash = "sha256:4da7384b0e5d4cae05c97cd6f94faaf78cc8b0f791fc63af43436d98c4ab37bb", size = 116157, upload-time = "2025-11-07T00:43:37.058Z" },
    { url = "https://files.pythonhosted.org/packages/01/22/1c158fe763dbf0a119f985d945711d288994fe5514c0646ebe0eb18b016d/wrapt-2.0.1-cp311-cp311-manylinux_2_31_riscv64.manylinux_2_39_riscv64.whl", hash = "sha256:ec65a78fbd9d6f083a15d7613b2800d5663dbb6bb96003899c834beaa68b242c", size = 112535, upload-time = "2025-11-07T00:43:34.138Z" },
    { url = "https://files.pythonhosted.org/packages/5c/28/4f16861af67d6de4eae9927799b559c20ebdd4fe432e89ea7fe6fcd9d709/wrapt-2.0.1-cp311-cp311-musllinux_1_2_aarch64.whl", hash = "sha256:7de3cc939be0e1174969f943f3b44e0d79b6f9a82198133a5b7fc6cc92882f16", size = 115404, upload-time = "2025-11-07T00:43:39.214Z" },
    { url = "https://files.pythonhosted.org/packages/a0/8b/7960122e625fad908f189b59c4aae2d50916eb4098b0fb2819c5a177414f/wrapt-2.0.1-cp311-cp311-musllinux_1_2_riscv64.whl", hash = "sha256:fb1a5b72cbd751813adc02ef01ada0b0d05d3dcbc32976ce189a1279d80ad4a2", size = 111802, upload-time = "2025-11-07T00:43:40.476Z" },
    { url = "https://files.pythonhosted.org/packages/3e/73/7881eee5ac31132a713ab19a22c9e5f1f7365c8b1df50abba5d45b781312/wrapt-2.0.1-cp311-cp311-musllinux_1_2_x86_64.whl", hash = "sha256:3fa272ca34332581e00bf7773e993d4f632594eb2d1b0b162a9038df0fd971dd", size = 113837, upload-time = "2025-11-07T00:43:42.921Z" },
    { url = "https://files.pythonhosted.org/packages/45/00/9499a3d14e636d1f7089339f96c4409bbc7544d0889f12264efa25502ae8/wrapt-2.0.1-cp311-cp311-win32.whl", hash = "sha256:fc007fdf480c77301ab1afdbb6ab22a5deee8885f3b1ed7afcb7e5e84a0e27be", size = 58028, upload-time = "2025-11-07T00:43:47.369Z" },
    { url = "https://files.pythonhosted.org/packages/70/5d/8f3d7eea52f22638748f74b102e38fdf88cb57d08ddeb7827c476a20b01b/wrapt-2.0.1-cp311-cp311-win_amd64.whl", hash = "sha256:47434236c396d04875180171ee1f3815ca1eada05e24a1ee99546320d54d1d1b", size = 60385, upload-time = "2025-11-07T00:43:44.34Z" },
    { url = "https://files.pythonhosted.org/packages/14/e2/32195e57a8209003587bbbad44d5922f13e0ced2a493bb46ca882c5b123d/wrapt-2.0.1-cp311-cp311-win_arm64.whl", hash = "sha256:837e31620e06b16030b1d126ed78e9383815cbac914693f54926d816d35d8edf", size = 58893, upload-time = "2025-11-07T00:43:46.161Z" },
    { url = "https://files.pythonhosted.org/packages/15/d1/b51471c11592ff9c012bd3e2f7334a6ff2f42a7aed2caffcf0bdddc9cb89/wrapt-2.0.1-py3-none-any.whl", hash = "sha256:4d2ce1bf1a48c5277d7969259232b57645aae5686dba1eaeade39442277afbca", size = 44046, upload-time = "2025-11-07T00:45:32.116Z" },
]
